
Microsoft Visual Studio Solution File, Format Version 12.00
# Visual Studio Version 17
VisualStudioVersion = 17.7.34024.191
MinimumVisualStudioVersion = 10.0.40219.1
Project("{FAE04EC0-301F-11D3-BF4B-00C04F79EFBC}") = "CalibrationChecker", "CalibrationChecker\CalibrationChecker.csproj", "{CDEF0D56-D2B0-4751-BE8B-58F226C01ADA}"
EndProject
Global
	GlobalSection(SolutionConfigurationPlatforms) = preSolution
		Debug|Any CPU = Debug|Any CPU
		Release|Any CPU = Release|Any CPU
	EndGlobalSection
	GlobalSection(ProjectConfigurationPlatforms) = postSolution
		{CDEF0D56-D2B0-4751-BE8B-58F226C01ADA}.Debug|Any CPU.ActiveCfg = Debug|Any CPU
		{CDEF0D56-D2B0-4751-BE8B-58F226C01ADA}.Debug|Any CPU.Build.0 = Debug|Any CPU
		{CDEF0D56-D2B0-4751-BE8B-58F226C01ADA}.Release|Any CPU.ActiveCfg = Release|Any CPU
		{CDEF0D56-D2B0-4751-BE8B-58F226C01ADA}.Release|Any CPU.Build.0 = Release|Any CPU
	EndGlobalSection
	GlobalSection(SolutionProperties) = preSolution
		HideSolutionNode = FALSE
	EndGlobalSection
	GlobalSection(ExtensibilityGlobals) = postSolution
		SolutionGuid = {607F10AD-98C8-4289-9EF6-340D944BDCF1}
	EndGlobalSection
EndGlobal
